
Microsoft Visual Studio Solution File, Format Version 12.00
# Visual Studio Version 17
VisualStudioVersion = 17.12.35728.132 d17.12
MinimumVisualStudioVersion = 10.0.40219.1
Project("{FAE04EC0-301F-11D3-BF4B-00C04F79EFBC}") = "Appointments.API", "Appointments.API\Appointments.API.csproj", "{5ECD4F5F-E603-4D0F-84B4-0449928ED01C}"
EndProject
Project("{E53339B2-1760-4266-BCC7-CA923CBCF16C}") = "docker-compose", "docker-compose.dcproj", "{1A5C58D5-FDE2-461F-9C09-96CEE8F2933B}"
EndProject
Global
	GlobalSection(SolutionConfigurationPlatforms) = preSolution
		Debug|Any CPU = Debug|Any CPU
		Release|Any CPU = Release|Any CPU
	EndGlobalSection
	GlobalSection(ProjectConfigurationPlatforms) = postSolution
		{5ECD4F5F-E603-4D0F-84B4-0449928ED01C}.Debug|Any CPU.ActiveCfg = Debug|Any CPU
		{5ECD4F5F-E603-4D0F-84B4-0449928ED01C}.Debug|Any CPU.Build.0 = Debug|Any CPU
		{5ECD4F5F-E603-4D0F-84B4-0449928ED01C}.Release|Any CPU.ActiveCfg = Release|Any CPU
		{5ECD4F5F-E603-4D0F-84B4-0449928ED01C}.Release|Any CPU.Build.0 = Release|Any CPU
		{1A5C58D5-FDE2-461F-9C09-96CEE8F2933B}.Debug|Any CPU.ActiveCfg = Debug|Any CPU
		{1A5C58D5-FDE2-461F-9C09-96CEE8F2933B}.Debug|Any CPU.Build.0 = Debug|Any CPU
		{1A5C58D5-FDE2-461F-9C09-96CEE8F2933B}.Release|Any CPU.ActiveCfg = Release|Any CPU
		{1A5C58D5-FDE2-461F-9C09-96CEE8F2933B}.Release|Any CPU.Build.0 = Release|Any CPU
	EndGlobalSection
	GlobalSection(SolutionProperties) = preSolution
		HideSolutionNode = FALSE
	EndGlobalSection
EndGlobal
